
Microsoft Visual Studio Solution File, Format Version 12.00
# Visual Studio Version 16
VisualStudioVersion = 16.0.31702.278
MinimumVisualStudioVersion = 10.0.40219.1
Project("{FAE04EC0-301F-11D3-BF4B-00C04F79EFBC}") = "program", "program.csproj", "{C7854D4C-FD0A-4C67-B88F-99CC8C1570A4}"
EndProject
Global
	GlobalSection(SolutionConfigurationPlatforms) = preSolution
		Debug|Any CPU = Debug|Any CPU
		Release|Any CPU = Release|Any CPU
	EndGlobalSection
	GlobalSection(ProjectConfigurationPlatforms) = postSolution
		{C7854D4C-FD0A-4C67-B88F-99CC8C1570A4}.Debug|Any CPU.ActiveCfg = Debug|Any CPU
		{C7854D4C-FD0A-4C67-B88F-99CC8C1570A4}.Debug|Any CPU.Build.0 = Debug|Any CPU
		{C7854D4C-FD0A-4C67-B88F-99CC8C1570A4}.Release|Any CPU.ActiveCfg = Release|Any CPU
		{C7854D4C-FD0A-4C67-B88F-99CC8C1570A4}.Release|Any CPU.Build.0 = Release|Any CPU
	EndGlobalSection
	GlobalSection(SolutionProperties) = preSolution
		HideSolutionNode = FALSE
	EndGlobalSection
	GlobalSection(ExtensibilityGlobals) = postSolution
		SolutionGuid = {4DCED4BB-438C-4E01-9DC0-673368544431}
	EndGlobalSection
EndGlobal
